
Microsoft Visual Studio Solution File, Format Version 12.00
# Visual Studio Version 17
VisualStudioVersion = 17.10.34928.147
MinimumVisualStudioVersion = 10.0.40219.1
Project("{2150E333-8FDC-42A3-9474-1A3956D46DE8}") = "00_Frontend", "00_Frontend", "{268348E1-D6F5-44EB-99CF-48FAFF8EAEB6}"
EndProject
Project("{2150E333-8FDC-42A3-9474-1A3956D46DE8}") = "01_Backend", "01_Backend", "{4053ADE9-06F6-4367-9265-42E88BE9940F}"
EndProject
Project("{2150E333-8FDC-42A3-9474-1A3956D46DE8}") = "02_Compartidos", "02_Compartidos", "{5A74631C-DC3A-49AD-99BE-45E87D8EF60F}"
EndProject
Project("{2150E333-8FDC-42A3-9474-1A3956D46DE8}") = "00_Entidades", "00_Entidades", "{D6152770-21EC-4DBB-ABA9-CBFCA08E941F}"
EndProject
Project("{2150E333-8FDC-42A3-9474-1A3956D46DE8}") = "01_Datos", "01_Datos", "{4345F56C-314B-447E-B0EB-DE86330B12B0}"
EndProject
Project("{2150E333-8FDC-42A3-9474-1A3956D46DE8}") = "02_Negocio", "02_Negocio", "{04777981-A1B7-4846-9FA2-742BB12540C9}"
EndProject
Project("{9A19103F-16F7-4668-BE54-9A1E7A4F7556}") = "RendicionGastos.Entities", "RendicionGastos.Entities\RendicionGastos.Entities.csproj", "{E1B9B8AB-C236-427E-B3FA-8748E1FB3801}"
EndProject
Project("{9A19103F-16F7-4668-BE54-9A1E7A4F7556}") = "RendicionGastos.DataAccess", "RendicionGastos.DataAccess\RendicionGastos.DataAccess.csproj", "{DBC6682C-2FA0-4F77-839A-42E3CBA2E157}"
EndProject
Project("{2150E333-8FDC-42A3-9474-1A3956D46DE8}") = "03_API", "03_API", "{BD901CF1-967B-4117-825E-6834B1754F85}"
EndProject
Project("{2150E333-8FDC-42A3-9474-1A3956D46DE8}") = "04_Pruebas", "04_Pruebas", "{2A379B91-905F-4866-955C-1FB01CC7605F}"
EndProject
Project("{FAE04EC0-301F-11D3-BF4B-00C04F79EFBC}") = "RendicionGastos.Services", "RendicionGastos.Services\RendicionGastos.Services.csproj", "{96007C79-5DA4-488C-99BF-1B5E6187DE95}"
EndProject
Project("{FAE04EC0-301F-11D3-BF4B-00C04F79EFBC}") = "RendicionGastos.Client", "RendicionGastos.Client\RendicionGastos.Client.csproj", "{DBCD4EEB-6384-4780-83EC-48C028600EFB}"
EndProject
Project("{FAE04EC0-301F-11D3-BF4B-00C04F79EFBC}") = "RendicionGastos.Shared", "RendicionGastos.Shared\RendicionGastos.Shared.csproj", "{3BBECC4B-1AA2-478D-80CF-19419256A11E}"
EndProject
Project("{FAE04EC0-301F-11D3-BF4B-00C04F79EFBC}") = "RendicionGastos.Repositories", "RendicionGastos.Repositories\RendicionGastos.Repositories.csproj", "{647C4EED-2F50-46C0-A2E5-F5F90D6DE909}"
EndProject
Project("{FAE04EC0-301F-11D3-BF4B-00C04F79EFBC}") = "RendicionGastos.Server", "RendicionGastos.Server\RendicionGastos.Server.csproj", "{CAC6E84C-0FE4-4075-8258-AEE731551B51}"
EndProject
Project("{FAE04EC0-301F-11D3-BF4B-00C04F79EFBC}") = "RendicionGastos.UnitTests", "RendicionGastos.UnitTests\RendicionGastos.UnitTests.csproj", "{68964D04-C20C-4F22-A49C-96F8C59ECF1E}"
EndProject
Global
	GlobalSection(SolutionConfigurationPlatforms) = preSolution
		Debug|Any CPU = Debug|Any CPU
		Release|Any CPU = Release|Any CPU
	EndGlobalSection
	GlobalSection(ProjectConfigurationPlatforms) = postSolution
		{E1B9B8AB-C236-427E-B3FA-8748E1FB3801}.Debug|Any CPU.ActiveCfg = Debug|Any CPU
		{E1B9B8AB-C236-427E-B3FA-8748E1FB3801}.Debug|Any CPU.Build.0 = Debug|Any CPU
		{E1B9B8AB-C236-427E-B3FA-8748E1FB3801}.Release|Any CPU.ActiveCfg = Release|Any CPU
		{E1B9B8AB-C236-427E-B3FA-8748E1FB3801}.Release|Any CPU.Build.0 = Release|Any CPU
		{DBC6682C-2FA0-4F77-839A-42E3CBA2E157}.Debug|Any CPU.ActiveCfg = Debug|Any CPU
		{DBC6682C-2FA0-4F77-839A-42E3CBA2E157}.Debug|Any CPU.Build.0 = Debug|Any CPU
		{DBC6682C-2FA0-4F77-839A-42E3CBA2E157}.Release|Any CPU.ActiveCfg = Release|Any CPU
		{DBC6682C-2FA0-4F77-839A-42E3CBA2E157}.Release|Any CPU.Build.0 = Release|Any CPU
		{96007C79-5DA4-488C-99BF-1B5E6187DE95}.Debug|Any CPU.ActiveCfg = Debug|Any CPU
		{96007C79-5DA4-488C-99BF-1B5E6187DE95}.Debug|Any CPU.Build.0 = Debug|Any CPU
		{96007C79-5DA4-488C-99BF-1B5E6187DE95}.Release|Any CPU.ActiveCfg = Release|Any CPU
		{96007C79-5DA4-488C-99BF-1B5E6187DE95}.Release|Any CPU.Build.0 = Release|Any CPU
		{DBCD4EEB-6384-4780-83EC-48C028600EFB}.Debug|Any CPU.ActiveCfg = Debug|Any CPU
		{DBCD4EEB-6384-4780-83EC-48C028600EFB}.Debug|Any CPU.Build.0 = Debug|Any CPU
		{DBCD4EEB-6384-4780-83EC-48C028600EFB}.Release|Any CPU.ActiveCfg = Release|Any CPU
		{DBCD4EEB-6384-4780-83EC-48C028600EFB}.Release|Any CPU.Build.0 = Release|Any CPU
		{3BBECC4B-1AA2-478D-80CF-19419256A11E}.Debug|Any CPU.ActiveCfg = Debug|Any CPU
		{3BBECC4B-1AA2-478D-80CF-19419256A11E}.Debug|Any CPU.Build.0 = Debug|Any CPU
		{3BBECC4B-1AA2-478D-80CF-19419256A11E}.Release|Any CPU.ActiveCfg = Release|Any CPU
		{3BBECC4B-1AA2-478D-80CF-19419256A11E}.Release|Any CPU.Build.0 = Release|Any CPU
		{647C4EED-2F50-46C0-A2E5-F5F90D6DE909}.Debug|Any CPU.ActiveCfg = Debug|Any CPU
		{647C4EED-2F50-46C0-A2E5-F5F90D6DE909}.Debug|Any CPU.Build.0 = Debug|Any CPU
		{647C4EED-2F50-46C0-A2E5-F5F90D6DE909}.Release|Any CPU.ActiveCfg = Release|Any CPU
		{647C4EED-2F50-46C0-A2E5-F5F90D6DE909}.Release|Any CPU.Build.0 = Release|Any CPU
		{CAC6E84C-0FE4-4075-8258-AEE731551B51}.Debug|Any CPU.ActiveCfg = Debug|Any CPU
		{CAC6E84C-0FE4-4075-8258-AEE731551B51}.Debug|Any CPU.Build.0 = Debug|Any CPU
		{CAC6E84C-0FE4-4075-8258-AEE731551B51}.Release|Any CPU.ActiveCfg = Release|Any CPU
		{CAC6E84C-0FE4-4075-8258-AEE731551B51}.Release|Any CPU.Build.0 = Release|Any CPU
		{68964D04-C20C-4F22-A49C-96F8C59ECF1E}.Debug|Any CPU.ActiveCfg = Debug|Any CPU
		{68964D04-C20C-4F22-A49C-96F8C59ECF1E}.Debug|Any CPU.Build.0 = Debug|Any CPU
		{68964D04-C20C-4F22-A49C-96F8C59ECF1E}.Release|Any CPU.ActiveCfg = Release|Any CPU
		{68964D04-C20C-4F22-A49C-96F8C59ECF1E}.Release|Any CPU.Build.0 = Release|Any CPU
	EndGlobalSection
	GlobalSection(SolutionProperties) = preSolution
		HideSolutionNode = FALSE
	EndGlobalSection
	GlobalSection(NestedProjects) = preSolution
		{D6152770-21EC-4DBB-ABA9-CBFCA08E941F} = {4053ADE9-06F6-4367-9265-42E88BE9940F}
		{4345F56C-314B-447E-B0EB-DE86330B12B0} = {4053ADE9-06F6-4367-9265-42E88BE9940F}
		{04777981-A1B7-4846-9FA2-742BB12540C9} = {4053ADE9-06F6-4367-9265-42E88BE9940F}
		{E1B9B8AB-C236-427E-B3FA-8748E1FB3801} = {D6152770-21EC-4DBB-ABA9-CBFCA08E941F}
		{DBC6682C-2FA0-4F77-839A-42E3CBA2E157} = {4345F56C-314B-447E-B0EB-DE86330B12B0}
		{BD901CF1-967B-4117-825E-6834B1754F85} = {4053ADE9-06F6-4367-9265-42E88BE9940F}
		{2A379B91-905F-4866-955C-1FB01CC7605F} = {4053ADE9-06F6-4367-9265-42E88BE9940F}
		{96007C79-5DA4-488C-99BF-1B5E6187DE95} = {04777981-A1B7-4846-9FA2-742BB12540C9}
		{DBCD4EEB-6384-4780-83EC-48C028600EFB} = {268348E1-D6F5-44EB-99CF-48FAFF8EAEB6}
		{3BBECC4B-1AA2-478D-80CF-19419256A11E} = {5A74631C-DC3A-49AD-99BE-45E87D8EF60F}
		{647C4EED-2F50-46C0-A2E5-F5F90D6DE909} = {4345F56C-314B-447E-B0EB-DE86330B12B0}
		{CAC6E84C-0FE4-4075-8258-AEE731551B51} = {BD901CF1-967B-4117-825E-6834B1754F85}
		{68964D04-C20C-4F22-A49C-96F8C59ECF1E} = {2A379B91-905F-4866-955C-1FB01CC7605F}
	EndGlobalSection
	GlobalSection(ExtensibilityGlobals) = postSolution
		SolutionGuid = {9E5B6C2A-F542-4FB9-9CB8-9457920489E2}
	EndGlobalSection
EndGlobal
